
Microsoft Visual Studio Solution File, Format Version 12.00
# Visual Studio 15
Project("{FAE04EC0-301F-11D3-BF4B-00C04F79EFBC}") = "Assembly-CSharp", "Assembly-CSharp.csproj", "{D0668ACE-3804-6F53-4856-B9EA229714C8}"
EndProject
Project("{FAE04EC0-301F-11D3-BF4B-00C04F79EFBC}") = "Unity.RenderPipelines.Universal.Runtime", "Unity.RenderPipelines.Universal.Runtime.csproj", "{2DC8DA7E-CDD1-2ACE-2A1B-E83B66F22CC2}"
EndProject
Project("{FAE04EC0-301F-11D3-BF4B-00C04F79EFBC}") = "FlatKit.Utils.Editor", "FlatKit.Utils.Editor.csproj", "{C345C0A8-7F53-5C02-1636-83C031BB43A9}"
EndProject
Project("{FAE04EC0-301F-11D3-BF4B-00C04F79EFBC}") = "ExternAttributes.Editor", "ExternAttributes.Editor.csproj", "{F32299C7-186F-513C-B4EE-F0334094F8A5}"
EndProject
Project("{FAE04EC0-301F-11D3-BF4B-00C04F79EFBC}") = "Assembly-CSharp-Editor", "Assembly-CSharp-Editor.csproj", "{F27FF636-C862-9836-D622-C0AEB5C49E82}"
EndProject
Global
	GlobalSection(SolutionConfigurationPlatforms) = preSolution
		Debug|Any CPU = Debug|Any CPU
		Release|Any CPU = Release|Any CPU
	EndGlobalSection
	GlobalSection(ProjectConfigurationPlatforms) = postSolution
		{D0668ACE-3804-6F53-4856-B9EA229714C8}.Debug|Any CPU.ActiveCfg = Debug|Any CPU
		{D0668ACE-3804-6F53-4856-B9EA229714C8}.Debug|Any CPU.Build.0 = Debug|Any CPU
		{D0668ACE-3804-6F53-4856-B9EA229714C8}.Release|Any CPU.ActiveCfg = Release|Any CPU
		{D0668ACE-3804-6F53-4856-B9EA229714C8}.Release|Any CPU.Build.0 = Release|Any CPU
		{2DC8DA7E-CDD1-2ACE-2A1B-E83B66F22CC2}.Debug|Any CPU.ActiveCfg = Debug|Any CPU
		{2DC8DA7E-CDD1-2ACE-2A1B-E83B66F22CC2}.Debug|Any CPU.Build.0 = Debug|Any CPU
		{2DC8DA7E-CDD1-2ACE-2A1B-E83B66F22CC2}.Release|Any CPU.ActiveCfg = Release|Any CPU
		{2DC8DA7E-CDD1-2ACE-2A1B-E83B66F22CC2}.Release|Any CPU.Build.0 = Release|Any CPU
		{C345C0A8-7F53-5C02-1636-83C031BB43A9}.Debug|Any CPU.ActiveCfg = Debug|Any CPU
		{C345C0A8-7F53-5C02-1636-83C031BB43A9}.Debug|Any CPU.Build.0 = Debug|Any CPU
		{C345C0A8-7F53-5C02-1636-83C031BB43A9}.Release|Any CPU.ActiveCfg = Release|Any CPU
		{C345C0A8-7F53-5C02-1636-83C031BB43A9}.Release|Any CPU.Build.0 = Release|Any CPU
		{F32299C7-186F-513C-B4EE-F0334094F8A5}.Debug|Any CPU.ActiveCfg = Debug|Any CPU
		{F32299C7-186F-513C-B4EE-F0334094F8A5}.Debug|Any CPU.Build.0 = Debug|Any CPU
		{F32299C7-186F-513C-B4EE-F0334094F8A5}.Release|Any CPU.ActiveCfg = Release|Any CPU
		{F32299C7-186F-513C-B4EE-F0334094F8A5}.Release|Any CPU.Build.0 = Release|Any CPU
		{F27FF636-C862-9836-D622-C0AEB5C49E82}.Debug|Any CPU.ActiveCfg = Debug|Any CPU
		{F27FF636-C862-9836-D622-C0AEB5C49E82}.Debug|Any CPU.Build.0 = Debug|Any CPU
		{F27FF636-C862-9836-D622-C0AEB5C49E82}.Release|Any CPU.ActiveCfg = Release|Any CPU
		{F27FF636-C862-9836-D622-C0AEB5C49E82}.Release|Any CPU.Build.0 = Release|Any CPU
	EndGlobalSection
	GlobalSection(SolutionProperties) = preSolution
		HideSolutionNode = FALSE
	EndGlobalSection
EndGlobal
